
Microsoft Visual Studio Solution File, Format Version 12.00
# Visual Studio 15
VisualStudioVersion = 15.0.27130.2010
MinimumVisualStudioVersion = 10.0.40219.1
Project("{FAE04EC0-301F-11D3-BF4B-00C04F79EFBC}") = "Lean", "Lean\Lean.csproj", "{EE30FF2F-6635-4FE9-8C7C-AC2944415B30}"
EndProject
Project("{FAE04EC0-301F-11D3-BF4B-00C04F79EFBC}") = "Excercise", "Excercise\Excercise.csproj", "{8D41C096-8758-4356-94C5-D1C15E257671}"
EndProject
Project("{FAE04EC0-301F-11D3-BF4B-00C04F79EFBC}") = "WpfApp1", "WpfApp1\WpfApp1.csproj", "{EA9797C0-490F-4C2F-82E4-D665DAB4B422}"
EndProject
Global
	GlobalSection(SolutionConfigurationPlatforms) = preSolution
		Debug|Any CPU = Debug|Any CPU
		Release|Any CPU = Release|Any CPU
	EndGlobalSection
	GlobalSection(ProjectConfigurationPlatforms) = postSolution
		{EE30FF2F-6635-4FE9-8C7C-AC2944415B30}.Debug|Any CPU.ActiveCfg = Debug|Any CPU
		{EE30FF2F-6635-4FE9-8C7C-AC2944415B30}.Debug|Any CPU.Build.0 = Debug|Any CPU
		{EE30FF2F-6635-4FE9-8C7C-AC2944415B30}.Release|Any CPU.ActiveCfg = Release|Any CPU
		{EE30FF2F-6635-4FE9-8C7C-AC2944415B30}.Release|Any CPU.Build.0 = Release|Any CPU
		{8D41C096-8758-4356-94C5-D1C15E257671}.Debug|Any CPU.ActiveCfg = Debug|Any CPU
		{8D41C096-8758-4356-94C5-D1C15E257671}.Debug|Any CPU.Build.0 = Debug|Any CPU
		{8D41C096-8758-4356-94C5-D1C15E257671}.Release|Any CPU.ActiveCfg = Release|Any CPU
		{8D41C096-8758-4356-94C5-D1C15E257671}.Release|Any CPU.Build.0 = Release|Any CPU
		{EA9797C0-490F-4C2F-82E4-D665DAB4B422}.Debug|Any CPU.ActiveCfg = Debug|Any CPU
		{EA9797C0-490F-4C2F-82E4-D665DAB4B422}.Debug|Any CPU.Build.0 = Debug|Any CPU
		{EA9797C0-490F-4C2F-82E4-D665DAB4B422}.Release|Any CPU.ActiveCfg = Release|Any CPU
		{EA9797C0-490F-4C2F-82E4-D665DAB4B422}.Release|Any CPU.Build.0 = Release|Any CPU
	EndGlobalSection
	GlobalSection(SolutionProperties) = preSolution
		HideSolutionNode = FALSE
	EndGlobalSection
	GlobalSection(ExtensibilityGlobals) = postSolution
		SolutionGuid = {6EDAC925-F7D2-4D78-9C9A-03D24A4EC6B6}
	EndGlobalSection
EndGlobal
